{
  "name": "io.cordova.hellocordova",
  "version": "1.0.0",
  "lockfileVersion": 1,
  "requires": true,
  "dependencies": {
    "cordova-plugin-geolocation": {
      "version": "4.1.0",
      "resolved": "https://registry.npmjs.org/cordova-plugin-geolocation/-/cordova-plugin-geolocation-4.1.0.tgz",
      "integrity": "sha512-y5io/P10xGMxSn2KEqfv/fExK47eA1pmSonJdmDqDsaSADV9JpgdPx0mUSA08+5pzma/OS9R0LoODeDPx7Jvjg==",
      "dev": true
    }
  }
}
